
Microsoft Visual Studio Solution File, Format Version 12.00
# Visual Studio 14
VisualStudioVersion = 14.0.24720.0
MinimumVisualStudioVersion = 10.0.40219.1
Project("{FAE04EC0-301F-11D3-BF4B-00C04F79EFBC}") = "SuperToastsLib", "SuperToastsLib.csproj", "{D7B74497-F8E1-4EA3-A1FC-EA2E0A7BE18D}"
EndProject
Global
	GlobalSection(SolutionConfigurationPlatforms) = preSolution
		Debug|Any CPU = Debug|Any CPU
		NZ_Release|Any CPU = NZ_Release|Any CPU
		US_Release|Any CPU = US_Release|Any CPU
		USDEBUG|Any CPU = USDEBUG|Any CPU
	EndGlobalSection
	GlobalSection(ProjectConfigurationPlatforms) = postSolution
		{D7B74497-F8E1-4EA3-A1FC-EA2E0A7BE18D}.Debug|Any CPU.ActiveCfg = Debug|Any CPU
		{D7B74497-F8E1-4EA3-A1FC-EA2E0A7BE18D}.Debug|Any CPU.Build.0 = Debug|Any CPU
		{D7B74497-F8E1-4EA3-A1FC-EA2E0A7BE18D}.NZ_Release|Any CPU.ActiveCfg = Debug|Any CPU
		{D7B74497-F8E1-4EA3-A1FC-EA2E0A7BE18D}.NZ_Release|Any CPU.Build.0 = Debug|Any CPU
		{D7B74497-F8E1-4EA3-A1FC-EA2E0A7BE18D}.US_Release|Any CPU.ActiveCfg = Debug|Any CPU
		{D7B74497-F8E1-4EA3-A1FC-EA2E0A7BE18D}.US_Release|Any CPU.Build.0 = Debug|Any CPU
		{D7B74497-F8E1-4EA3-A1FC-EA2E0A7BE18D}.USDEBUG|Any CPU.ActiveCfg = Debug|Any CPU
		{D7B74497-F8E1-4EA3-A1FC-EA2E0A7BE18D}.USDEBUG|Any CPU.Build.0 = Debug|Any CPU
	EndGlobalSection
	GlobalSection(SolutionProperties) = preSolution
		HideSolutionNode = FALSE
	EndGlobalSection
EndGlobal
